{
  "originHash" : "204b2999708d4f5335033c60207284dd64c540b5e92a5dc650425a06675bc206",
  "pins" : [
    {
      "identity" : "parsingkit",
      "kind" : "remoteSourceControl",
      "location" : "https://github.com/erndmrcn/ParsingKit",
      "state" : {
        "branch" : "main",
        "revision" : "c2027f72ddba062d4c77becec2cafe516fa39077"
      }
    },
    {
      "identity" : "xmlcoder",
      "kind" : "remoteSourceControl",
      "location" : "https://github.com/CoreOffice/XMLCoder.git",
      "state" : {
        "revision" : "b1e944cbd0ef33787b13f639a5418d55b3bed501",
        "version" : "0.17.1"
      }
    }
  ],
  "version" : 3
}
