{
  "originHash" : "c29fd6643c1546a17c9a2aff796c6f6cb7a3c5cea95ca6f69ab95a02ac2e41d7",
  "pins" : [
    {
      "identity" : "parsingkit",
      "kind" : "remoteSourceControl",
      "location" : "https://github.com/erndmrcn/ParsingKit",
      "state" : {
        "branch" : "main",
        "revision" : "318ae53de96a0c434e7fa9480ddc67f71ae224dd"
      }
    },
    {
      "identity" : "xmlcoder",
      "kind" : "remoteSourceControl",
      "location" : "https://github.com/CoreOffice/XMLCoder.git",
      "state" : {
        "revision" : "b1e944cbd0ef33787b13f639a5418d55b3bed501",
        "version" : "0.17.1"
      }
    }
  ],
  "version" : 3
}
