{
  "originHash" : "f9aa9803c0be16ec925d0b26a341e18d1ce8638bfe3c5a9c3d2c4f3562291f82",
  "pins" : [
    {
      "identity" : "parsingkit",
      "kind" : "remoteSourceControl",
      "location" : "https://github.com/erndmrcn/ParsingKit",
      "state" : {
        "branch" : "main",
        "revision" : "50f26d00b3b3cbaf80d2a58d09b4659d73613481"
      }
    }
  ],
  "version" : 3
}
